
Microsoft Visual Studio Solution File, Format Version 12.00
# Visual Studio 14
VisualStudioVersion = 14.0.25420.1
MinimumVisualStudioVersion = 10.0.40219.1
Project("{FAE04EC0-301F-11D3-BF4B-00C04F79EFBC}") = "SlackBot", "SlackBot\SlackBot.csproj", "{071F95F0-4FA8-4736-8549-61ACC098B655}"
EndProject
Project("{FAE04EC0-301F-11D3-BF4B-00C04F79EFBC}") = "SlackBot.Lib", "SlackBot.Lib\SlackBot.Lib.csproj", "{0CC3CB83-4ECE-4399-8EAB-6414ADB57FDB}"
EndProject
Global
	GlobalSection(SolutionConfigurationPlatforms) = preSolution
		Debug|Any CPU = Debug|Any CPU
		Release|Any CPU = Release|Any CPU
	EndGlobalSection
	GlobalSection(ProjectConfigurationPlatforms) = postSolution
		{071F95F0-4FA8-4736-8549-61ACC098B655}.Debug|Any CPU.ActiveCfg = Debug|Any CPU
		{071F95F0-4FA8-4736-8549-61ACC098B655}.Debug|Any CPU.Build.0 = Debug|Any CPU
		{071F95F0-4FA8-4736-8549-61ACC098B655}.Release|Any CPU.ActiveCfg = Release|Any CPU
		{071F95F0-4FA8-4736-8549-61ACC098B655}.Release|Any CPU.Build.0 = Release|Any CPU
		{0CC3CB83-4ECE-4399-8EAB-6414ADB57FDB}.Debug|Any CPU.ActiveCfg = Debug|Any CPU
		{0CC3CB83-4ECE-4399-8EAB-6414ADB57FDB}.Debug|Any CPU.Build.0 = Debug|Any CPU
		{0CC3CB83-4ECE-4399-8EAB-6414ADB57FDB}.Release|Any CPU.ActiveCfg = Release|Any CPU
		{0CC3CB83-4ECE-4399-8EAB-6414ADB57FDB}.Release|Any CPU.Build.0 = Release|Any CPU
	EndGlobalSection
	GlobalSection(SolutionProperties) = preSolution
		HideSolutionNode = FALSE
	EndGlobalSection
EndGlobal
